// !$*UTF8*$!
{
	archiveVersion = 1;
	classes = {
	};
	objectVersion = 51;
	objects = {

/* Begin PBXBuildFile section */
		CE3FD68AFB4FC2FC7D392342 /* Pods_ChromecastV4.framework in Frameworks */ = {isa = PBXBuildFile; fileRef = 64DCF926F314DA5FD0C9243C /* Pods_ChromecastV4.framework */; };
		CF8E53B521FCD1E6006B7277 /* CastManager.swift in Sources */ = {isa = PBXBuildFile; fileRef = CF8E53B421FCD1E6006B7277 /* CastManager.swift */; };
		CF8E53BB21FCD628006B7277 /* MainViewController.swift in Sources */ = {isa = PBXBuildFile; fileRef = CF8E53B921FCD628006B7277 /* MainViewController.swift */; };
		CF8E53BC21FCD628006B7277 /* MainViewController.xib in Resources */ = {isa = PBXBuildFile; fileRef = CF8E53BA21FCD628006B7277 /* MainViewController.xib */; };
		CF8E53BF21FCD69A006B7277 /* MainTableViewCell.swift in Sources */ = {isa = PBXBuildFile; fileRef = CF8E53BD21FCD69A006B7277 /* MainTableViewCell.swift */; };
		CF8E53C021FCD69A006B7277 /* MainTableViewCell.xib in Resources */ = {isa = PBXBuildFile; fileRef = CF8E53BE21FCD69A006B7277 /* MainTableViewCell.xib */; };
		CF8E53C321FCD757006B7277 /* PlayerViewController.swift in Sources */ = {isa = PBXBuildFile; fileRef = CF8E53C121FCD757006B7277 /* PlayerViewController.swift */; };
		CF8E53C421FCD757006B7277 /* PlayerViewController.xib in Resources */ = {isa = PBXBuildFile; fileRef = CF8E53C221FCD757006B7277 /* PlayerViewController.xib */; };
		CFF8027B21FCBDB500C8B97F /* AppDelegate.swift in Sources */ = {isa = PBXBuildFile; fileRef = CFF8027A21FCBDB500C8B97F /* AppDelegate.swift */; };
		CFF8028221FCBDB900C8B97F /* Assets.xcassets in Resources */ = {isa = PBXBuildFile; fileRef = CFF8028121FCBDB900C8B97F /* Assets.xcassets */; };
		CFF8028521FCBDB900C8B97F /* LaunchScreen.storyboard in Resources */ = {isa = PBXBuildFile; fileRef = CFF8028321FCBDB900C8B97F /* LaunchScreen.storyboard */; };
/* End PBXBuildFile section */

/* Begin PBXFileReference section */
		64DCF926F314DA5FD0C9243C /* Pods_ChromecastV4.framework */ = {isa = PBXFileReference; explicitFileType = wrapper.framework; includeInIndex = 0; path = Pods_ChromecastV4.framework; sourceTree = BUILT_PRODUCTS_DIR; };
		A4CAF0AC84E2DC2201BA2179 /* Pods-ChromecastV4.debug.xcconfig */ = {isa = PBXFileReference; includeInIndex = 1; lastKnownFileType = text.xcconfig; name = "Pods-ChromecastV4.debug.xcconfig"; path = "Pods/Target Support Files/Pods-ChromecastV4/Pods-ChromecastV4.debug.xcconfig"; sourceTree = "<group>"; };
		ACC1FF14647E15FBDF8E15F4 /* Pods-ChromecastV4.release.xcconfig */ = {isa = PBXFileReference; includeInIndex = 1; lastKnownFileType = text.xcconfig; name = "Pods-ChromecastV4.release.xcconfig"; path = "Pods/Target Support Files/Pods-ChromecastV4/Pods-ChromecastV4.release.xcconfig"; sourceTree = "<group>"; };
		CF8E53B221FCCF4E006B7277 /* ChromecastV4.entitlements */ = {isa = PBXFileReference; lastKnownFileType = text.plist.entitlements; path = ChromecastV4.entitlements; sourceTree = "<group>"; };
		CF8E53B421FCD1E6006B7277 /* CastManager.swift */ = {isa = PBXFileReference; lastKnownFileType = sourcecode.swift; path = CastManager.swift; sourceTree = "<group>"; };
		CF8E53B921FCD628006B7277 /* MainViewController.swift */ = {isa = PBXFileReference; lastKnownFileType = sourcecode.swift; path = MainViewController.swift; sourceTree = "<group>"; };
		CF8E53BA21FCD628006B7277 /* MainViewController.xib */ = {isa = PBXFileReference; lastKnownFileType = file.xib; path = MainViewController.xib; sourceTree = "<group>"; };
		CF8E53BD21FCD69A006B7277 /* MainTableViewCell.swift */ = {isa = PBXFileReference; lastKnownFileType = sourcecode.swift; path = MainTableViewCell.swift; sourceTree = "<group>"; };
		CF8E53BE21FCD69A006B7277 /* MainTableViewCell.xib */ = {isa = PBXFileReference; lastKnownFileType = file.xib; path = MainTableViewCell.xib; sourceTree = "<group>"; };
		CF8E53C121FCD757006B7277 /* PlayerViewController.swift */ = {isa = PBXFileReference; lastKnownFileType = sourcecode.swift; path = PlayerViewController.swift; sourceTree = "<group>"; };
		CF8E53C221FCD757006B7277 /* PlayerViewController.xib */ = {isa = PBXFileReference; lastKnownFileType = file.xib; path = PlayerViewController.xib; sourceTree = "<group>"; };
		CFF8027721FCBDB500C8B97F /* ChromecastV4.app */ = {isa = PBXFileReference; explicitFileType = wrapper.application; includeInIndex = 0; path = ChromecastV4.app; sourceTree = BUILT_PRODUCTS_DIR; };
		CFF8027A21FCBDB500C8B97F /* AppDelegate.swift */ = {isa = PBXFileReference; lastKnownFileType = sourcecode.swift; path = AppDelegate.swift; sourceTree = "<group>"; };
		CFF8028121FCBDB900C8B97F /* Assets.xcassets */ = {isa = PBXFileReference; lastKnownFileType = folder.assetcatalog; path = Assets.xcassets; sourceTree = "<group>"; };
		CFF8028421FCBDB900C8B97F /* Base */ = {isa = PBXFileReference; lastKnownFileType = file.storyboard; name = Base; path = Base.lproj/LaunchScreen.storyboard; sourceTree = "<group>"; };
		CFF8028621FCBDB900C8B97F /* Info.plist */ = {isa = PBXFileReference; lastKnownFileType = text.plist.xml; path = Info.plist; sourceTree = "<group>"; };
/* End PBXFileReference section */

/* Begin PBXFrameworksBuildPhase section */
		CFF8027421FCBDB500C8B97F /* Frameworks */ = {
			isa = PBXFrameworksBuildPhase;
			buildActionMask = 2147483647;
			files = (
				CE3FD68AFB4FC2FC7D392342 /* Pods_ChromecastV4.framework in Frameworks */,
			);
			runOnlyForDeploymentPostprocessing = 0;
		};
/* End PBXFrameworksBuildPhase section */

/* Begin PBXGroup section */
		272C9156E86B889C1C747358 /* Frameworks */ = {
			isa = PBXGroup;
			children = (
				64DCF926F314DA5FD0C9243C /* Pods_ChromecastV4.framework */,
			);
			name = Frameworks;
			sourceTree = "<group>";
		};
		7CD257C618F8333CE717FC3D /* Pods */ = {
			isa = PBXGroup;
			children = (
				A4CAF0AC84E2DC2201BA2179 /* Pods-ChromecastV4.debug.xcconfig */,
				ACC1FF14647E15FBDF8E15F4 /* Pods-ChromecastV4.release.xcconfig */,
			);
			name = Pods;
			sourceTree = "<group>";
		};
		CF8E53B321FCD1AB006B7277 /* Manager */ = {
			isa = PBXGroup;
			children = (
				CF8E53B421FCD1E6006B7277 /* CastManager.swift */,
			);
			path = Manager;
			sourceTree = "<group>";
		};
		CF8E53B621FCD5AE006B7277 /* Controllers */ = {
			isa = PBXGroup;
			children = (
				CF8E53B721FCD5E8006B7277 /* Main Screen */,
				CF8E53B821FCD5F0006B7277 /* Player Screen */,
			);
			path = Controllers;
			sourceTree = "<group>";
		};
		CF8E53B721FCD5E8006B7277 /* Main Screen */ = {
			isa = PBXGroup;
			children = (
				CF8E53B921FCD628006B7277 /* MainViewController.swift */,
				CF8E53BA21FCD628006B7277 /* MainViewController.xib */,
				CF8E53BD21FCD69A006B7277 /* MainTableViewCell.swift */,
				CF8E53BE21FCD69A006B7277 /* MainTableViewCell.xib */,
			);
			path = "Main Screen";
			sourceTree = "<group>";
		};
		CF8E53B821FCD5F0006B7277 /* Player Screen */ = {
			isa = PBXGroup;
			children = (
				CF8E53C121FCD757006B7277 /* PlayerViewController.swift */,
				CF8E53C221FCD757006B7277 /* PlayerViewController.xib */,
			);
			path = "Player Screen";
			sourceTree = "<group>";
		};
		CFF8026E21FCBDB500C8B97F = {
			isa = PBXGroup;
			children = (
				CFF8027921FCBDB500C8B97F /* ChromecastV4 */,
				CFF8027821FCBDB500C8B97F /* Products */,
				7CD257C618F8333CE717FC3D /* Pods */,
				272C9156E86B889C1C747358 /* Frameworks */,
			);
			sourceTree = "<group>";
		};
		CFF8027821FCBDB500C8B97F /* Products */ = {
			isa = PBXGroup;
			children = (
				CFF8027721FCBDB500C8B97F /* ChromecastV4.app */,
			);
			name = Products;
			sourceTree = "<group>";
		};
		CFF8027921FCBDB500C8B97F /* ChromecastV4 */ = {
			isa = PBXGroup;
			children = (
				CF8E53B621FCD5AE006B7277 /* Controllers */,
				CF8E53B321FCD1AB006B7277 /* Manager */,
				CF8E53B221FCCF4E006B7277 /* ChromecastV4.entitlements */,
				CFF8027A21FCBDB500C8B97F /* AppDelegate.swift */,
				CFF8028121FCBDB900C8B97F /* Assets.xcassets */,
				CFF8028321FCBDB900C8B97F /* LaunchScreen.storyboard */,
				CFF8028621FCBDB900C8B97F /* Info.plist */,
			);
			path = ChromecastV4;
			sourceTree = "<group>";
		};
/* End PBXGroup section */

/* Begin PBXNativeTarget section */
		CFF8027621FCBDB500C8B97F /* ChromecastV4 */ = {
			isa = PBXNativeTarget;
			buildConfigurationList = CFF8028921FCBDB900C8B97F /* Build configuration list for PBXNativeTarget "ChromecastV4" */;
			buildPhases = (
				D576B1C8BEAC408A54EA4915 /* [CP] Check Pods Manifest.lock */,
				CFF8027321FCBDB500C8B97F /* Sources */,
				CFF8027421FCBDB500C8B97F /* Frameworks */,
				CFF8027521FCBDB500C8B97F /* Resources */,
				7C107165E7018EBA73ED20F9 /* [CP] Embed Pods Frameworks */,
				65416EAC436A03CE032E0BE9 /* [CP] Copy Pods Resources */,
			);
			buildRules = (
			);
			dependencies = (
			);
			name = ChromecastV4;
			productName = ChromecastV4;
			productReference = CFF8027721FCBDB500C8B97F /* ChromecastV4.app */;
			productType = "com.apple.product-type.application";
		};
/* End PBXNativeTarget section */

/* Begin PBXProject section */
		CFF8026F21FCBDB500C8B97F /* Project object */ = {
			isa = PBXProject;
			attributes = {
				LastSwiftUpdateCheck = 0940;
				LastUpgradeCheck = 0940;
				ORGANIZATIONNAME = "Imperio Teknologi Indonesia";
				TargetAttributes = {
					CFF8027621FCBDB500C8B97F = {
						CreatedOnToolsVersion = 9.4;
						LastSwiftMigration = 1010;
						SystemCapabilities = {
							com.apple.AccessWiFi = {
								enabled = 1;
							};
							com.apple.WAC = {
								enabled = 0;
							};
						};
					};
				};
			};
			buildConfigurationList = CFF8027221FCBDB500C8B97F /* Build configuration list for PBXProject "ChromecastV4" */;
			compatibilityVersion = "Xcode 9.3";
			developmentRegion = en;
			hasScannedForEncodings = 0;
			knownRegions = (
				en,
				Base,
			);
			mainGroup = CFF8026E21FCBDB500C8B97F;
			productRefGroup = CFF8027821FCBDB500C8B97F /* Products */;
			projectDirPath = "";
			projectRoot = "";
			targets = (
				CFF8027621FCBDB500C8B97F /* ChromecastV4 */,
			);
		};
/* End PBXProject section */

/* Begin PBXResourcesBuildPhase section */
		CFF8027521FCBDB500C8B97F /* Resources */ = {
			isa = PBXResourcesBuildPhase;
			buildActionMask = 2147483647;
			files = (
				CFF8028521FCBDB900C8B97F /* LaunchScreen.storyboard in Resources */,
				CF8E53C421FCD757006B7277 /* PlayerViewController.xib in Resources */,
				CF8E53BC21FCD628006B7277 /* MainViewController.xib in Resources */,
				CF8E53C021FCD69A006B7277 /* MainTableViewCell.xib in Resources */,
				CFF8028221FCBDB900C8B97F /* Assets.xcassets in Resources */,
			);
			runOnlyForDeploymentPostprocessing = 0;
		};
/* End PBXResourcesBuildPhase section */

/* Begin PBXShellScriptBuildPhase section */
		65416EAC436A03CE032E0BE9 /* [CP] Copy Pods Resources */ = {
			isa = PBXShellScriptBuildPhase;
			buildActionMask = 2147483647;
			files = (
			);
			inputFileListPaths = (
				"${PODS_ROOT}/Target Support Files/Pods-ChromecastV4/Pods-ChromecastV4-resources-${CONFIGURATION}-input-files.xcfilelist",
			);
			name = "[CP] Copy Pods Resources";
			outputFileListPaths = (
				"${PODS_ROOT}/Target Support Files/Pods-ChromecastV4/Pods-ChromecastV4-resources-${CONFIGURATION}-output-files.xcfilelist",
			);
			runOnlyForDeploymentPostprocessing = 0;
			shellPath = /bin/sh;
			shellScript = "\"${PODS_ROOT}/Target Support Files/Pods-ChromecastV4/Pods-ChromecastV4-resources.sh\"\n";
			showEnvVarsInLog = 0;
		};
		7C107165E7018EBA73ED20F9 /* [CP] Embed Pods Frameworks */ = {
			isa = PBXShellScriptBuildPhase;
			buildActionMask = 2147483647;
			files = (
			);
			inputFileListPaths = (
				"${PODS_ROOT}/Target Support Files/Pods-ChromecastV4/Pods-ChromecastV4-frameworks-${CONFIGURATION}-input-files.xcfilelist",
			);
			name = "[CP] Embed Pods Frameworks";
			outputFileListPaths = (
				"${PODS_ROOT}/Target Support Files/Pods-ChromecastV4/Pods-ChromecastV4-frameworks-${CONFIGURATION}-output-files.xcfilelist",
			);
			runOnlyForDeploymentPostprocessing = 0;
			shellPath = /bin/sh;
			shellScript = "\"${PODS_ROOT}/Target Support Files/Pods-ChromecastV4/Pods-ChromecastV4-frameworks.sh\"\n";
			showEnvVarsInLog = 0;
		};
		D576B1C8BEAC408A54EA4915 /* [CP] Check Pods Manifest.lock */ = {
			isa = PBXShellScriptBuildPhase;
			buildActionMask = 2147483647;
			files = (
			);
			inputPaths = (
				"${PODS_PODFILE_DIR_PATH}/Podfile.lock",
				"${PODS_ROOT}/Manifest.lock",
			);
			name = "[CP] Check Pods Manifest.lock";
			outputPaths = (
				"$(DERIVED_FILE_DIR)/Pods-ChromecastV4-checkManifestLockResult.txt",
			);
			runOnlyForDeploymentPostprocessing = 0;
			shellPath = /bin/sh;
			shellScript = "diff \"${PODS_PODFILE_DIR_PATH}/Podfile.lock\" \"${PODS_ROOT}/Manifest.lock\" > /dev/null\nif [ $? != 0 ] ; then\n    # print error to STDERR\n    echo \"error: The sandbox is not in sync with the Podfile.lock. Run 'pod install' or update your CocoaPods installation.\" >&2\n    exit 1\nfi\n# This output is used by Xcode 'outputs' to avoid re-running this script phase.\necho \"SUCCESS\" > \"${SCRIPT_OUTPUT_FILE_0}\"\n";
			showEnvVarsInLog = 0;
		};
/* End PBXShellScriptBuildPhase section */

/* Begin PBXSourcesBuildPhase section */
		CFF8027321FCBDB500C8B97F /* Sources */ = {
			isa = PBXSourcesBuildPhase;
			buildActionMask = 2147483647;
			files = (
				CF8E53BB21FCD628006B7277 /* MainViewController.swift in Sources */,
				CF8E53B521FCD1E6006B7277 /* CastManager.swift in Sources */,
				CF8E53BF21FCD69A006B7277 /* MainTableViewCell.swift in Sources */,
				CFF8027B21FCBDB500C8B97F /* AppDelegate.swift in Sources */,
				CF8E53C321FCD757006B7277 /* PlayerViewController.swift in Sources */,
			);
			runOnlyForDeploymentPostprocessing = 0;
		};
/* End PBXSourcesBuildPhase section */

/* Begin PBXVariantGroup section */
		CFF8028321FCBDB900C8B97F /* LaunchScreen.storyboard */ = {
			isa = PBXVariantGroup;
			children = (
				CFF8028421FCBDB900C8B97F /* Base */,
			);
			name = LaunchScreen.storyboard;
			sourceTree = "<group>";
		};
/* End PBXVariantGroup section */

/* Begin XCBuildConfiguration section */
		CFF8028721FCBDB900C8B97F /* Debug */ = {
			isa = XCBuildConfiguration;
			buildSettings = {
				ALWAYS_SEARCH_USER_PATHS = NO;
				CLANG_ANALYZER_NONNULL = YES;
				CLANG_ANALYZER_NUMBER_OBJECT_CONVERSION = YES_AGGRESSIVE;
				CLANG_CXX_LANGUAGE_STANDARD = "gnu++14";
				CLANG_CXX_LIBRARY = "libc++";
				CLANG_ENABLE_MODULES = YES;
				CLANG_ENABLE_OBJC_ARC = YES;
				CLANG_ENABLE_OBJC_WEAK = YES;
				CLANG_WARN_BLOCK_CAPTURE_AUTORELEASING = YES;
				CLANG_WARN_BOOL_CONVERSION = YES;
				CLANG_WARN_COMMA = YES;
				CLANG_WARN_CONSTANT_CONVERSION = YES;
				CLANG_WARN_DEPRECATED_OBJC_IMPLEMENTATIONS = YES;
				CLANG_WARN_DIRECT_OBJC_ISA_USAGE = YES_ERROR;
				CLANG_WARN_DOCUMENTATION_COMMENTS = YES;
				CLANG_WARN_EMPTY_BODY = YES;
				CLANG_WARN_ENUM_CONVERSION = YES;
				CLANG_WARN_INFINITE_RECURSION = YES;
				CLANG_WARN_INT_CONVERSION = YES;
				CLANG_WARN_NON_LITERAL_NULL_CONVERSION = YES;
				CLANG_WARN_OBJC_IMPLICIT_RETAIN_SELF = YES;
				CLANG_WARN_OBJC_LITERAL_CONVERSION = YES;
				CLANG_WARN_OBJC_ROOT_CLASS = YES_ERROR;
				CLANG_WARN_RANGE_LOOP_ANALYSIS = YES;
				CLANG_WARN_STRICT_PROTOTYPES = YES;
				CLANG_WARN_SUSPICIOUS_MOVE = YES;
				CLANG_WARN_UNGUARDED_AVAILABILITY = YES_AGGRESSIVE;
				CLANG_WARN_UNREACHABLE_CODE = YES;
				CLANG_WARN__DUPLICATE_METHOD_MATCH = YES;
				CODE_SIGN_IDENTITY = "iPhone Developer";
				COPY_PHASE_STRIP = NO;
				DEBUG_INFORMATION_FORMAT = dwarf;
				ENABLE_STRICT_OBJC_MSGSEND = YES;
				ENABLE_TESTABILITY = YES;
				GCC_C_LANGUAGE_STANDARD = gnu11;
				GCC_DYNAMIC_NO_PIC = NO;
				GCC_NO_COMMON_BLOCKS = YES;
				GCC_OPTIMIZATION_LEVEL = 0;
				GCC_PREPROCESSOR_DEFINITIONS = (
					"DEBUG=1",
					"$(inherited)",
				);
				GCC_WARN_64_TO_32_BIT_CONVERSION = YES;
				GCC_WARN_ABOUT_RETURN_TYPE = YES_ERROR;
				GCC_WARN_UNDECLARED_SELECTOR = YES;
				GCC_WARN_UNINITIALIZED_AUTOS = YES_AGGRESSIVE;
				GCC_WARN_UNUSED_FUNCTION = YES;
				GCC_WARN_UNUSED_VARIABLE = YES;
				IPHONEOS_DEPLOYMENT_TARGET = 11.4;
				MTL_ENABLE_DEBUG_INFO = YES;
				ONLY_ACTIVE_ARCH = YES;
				SDKROOT = iphoneos;
				SWIFT_ACTIVE_COMPILATION_CONDITIONS = DEBUG;
				SWIFT_OPTIMIZATION_LEVEL = "-Onone";
			};
			name = Debug;
		};
		CFF8028821FCBDB900C8B97F /* Release */ = {
			isa = XCBuildConfiguration;
			buildSettings = {
				ALWAYS_SEARCH_USER_PATHS = NO;
				CLANG_ANALYZER_NONNULL = YES;
				CLANG_ANALYZER_NUMBER_OBJECT_CONVERSION = YES_AGGRESSIVE;
				CLANG_CXX_LANGUAGE_STANDARD = "gnu++14";
				CLANG_CXX_LIBRARY = "libc++";
				CLANG_ENABLE_MODULES = YES;
				CLANG_ENABLE_OBJC_ARC = YES;
				CLANG_ENABLE_OBJC_WEAK = YES;
				CLANG_WARN_BLOCK_CAPTURE_AUTORELEASING = YES;
				CLANG_WARN_BOOL_CONVERSION = YES;
				CLANG_WARN_COMMA = YES;
				CLANG_WARN_CONSTANT_CONVERSION = YES;
				CLANG_WARN_DEPRECATED_OBJC_IMPLEMENTATIONS = YES;
				CLANG_WARN_DIRECT_OBJC_ISA_USAGE = YES_ERROR;
				CLANG_WARN_DOCUMENTATION_COMMENTS = YES;
				CLANG_WARN_EMPTY_BODY = YES;
				CLANG_WARN_ENUM_CONVERSION = YES;
				CLANG_WARN_INFINITE_RECURSION = YES;
				CLANG_WARN_INT_CONVERSION = YES;
				CLANG_WARN_NON_LITERAL_NULL_CONVERSION = YES;
				CLANG_WARN_OBJC_IMPLICIT_RETAIN_SELF = YES;
				CLANG_WARN_OBJC_LITERAL_CONVERSION = YES;
				CLANG_WARN_OBJC_ROOT_CLASS = YES_ERROR;
				CLANG_WARN_RANGE_LOOP_ANALYSIS = YES;
				CLANG_WARN_STRICT_PROTOTYPES = YES;
				CLANG_WARN_SUSPICIOUS_MOVE = YES;
				CLANG_WARN_UNGUARDED_AVAILABILITY = YES_AGGRESSIVE;
				CLANG_WARN_UNREACHABLE_CODE = YES;
				CLANG_WARN__DUPLICATE_METHOD_MATCH = YES;
				CODE_SIGN_IDENTITY = "iPhone Developer";
				COPY_PHASE_STRIP = NO;
				DEBUG_INFORMATION_FORMAT = "dwarf-with-dsym";
				ENABLE_NS_ASSERTIONS = NO;
				ENABLE_STRICT_OBJC_MSGSEND = YES;
				GCC_C_LANGUAGE_STANDARD = gnu11;
				GCC_NO_COMMON_BLOCKS = YES;
				GCC_WARN_64_TO_32_BIT_CONVERSION = YES;
				GCC_WARN_ABOUT_RETURN_TYPE = YES_ERROR;
				GCC_WARN_UNDECLARED_SELECTOR = YES;
				GCC_WARN_UNINITIALIZED_AUTOS = YES_AGGRESSIVE;
				GCC_WARN_UNUSED_FUNCTION = YES;
				GCC_WARN_UNUSED_VARIABLE = YES;
				IPHONEOS_DEPLOYMENT_TARGET = 11.4;
				MTL_ENABLE_DEBUG_INFO = NO;
				SDKROOT = iphoneos;
				SWIFT_COMPILATION_MODE = wholemodule;
				SWIFT_OPTIMIZATION_LEVEL = "-O";
				VALIDATE_PRODUCT = YES;
			};
			name = Release;
		};
		CFF8028A21FCBDB900C8B97F /* Debug */ = {
			isa = XCBuildConfiguration;
			baseConfigurationReference = A4CAF0AC84E2DC2201BA2179 /* Pods-ChromecastV4.debug.xcconfig */;
			buildSettings = {
				ASSETCATALOG_COMPILER_APPICON_NAME = AppIcon;
				CODE_SIGN_ENTITLEMENTS = ChromecastV4/ChromecastV4.entitlements;
				CODE_SIGN_STYLE = Automatic;
				DEVELOPMENT_TEAM = Q378LCLGKT;
				INFOPLIST_FILE = ChromecastV4/Info.plist;
				LD_RUNPATH_SEARCH_PATHS = (
					"$(inherited)",
					"@executable_path/Frameworks",
				);
				PRODUCT_BUNDLE_IDENTIFIER = com.tv.HOOQ.ChromecastV4;
				PRODUCT_NAME = "$(TARGET_NAME)";
				SWIFT_VERSION = 4.2;
				TARGETED_DEVICE_FAMILY = "1,2";
			};
			name = Debug;
		};
		CFF8028B21FCBDB900C8B97F /* Release */ = {
			isa = XCBuildConfiguration;
			baseConfigurationReference = ACC1FF14647E15FBDF8E15F4 /* Pods-ChromecastV4.release.xcconfig */;
			buildSettings = {
				ASSETCATALOG_COMPILER_APPICON_NAME = AppIcon;
				CODE_SIGN_ENTITLEMENTS = ChromecastV4/ChromecastV4.entitlements;
				CODE_SIGN_STYLE = Automatic;
				DEVELOPMENT_TEAM = Q378LCLGKT;
				INFOPLIST_FILE = ChromecastV4/Info.plist;
				LD_RUNPATH_SEARCH_PATHS = (
					"$(inherited)",
					"@executable_path/Frameworks",
				);
				PRODUCT_BUNDLE_IDENTIFIER = com.tv.HOOQ.ChromecastV4;
				PRODUCT_NAME = "$(TARGET_NAME)";
				SWIFT_VERSION = 4.2;
				TARGETED_DEVICE_FAMILY = "1,2";
			};
			name = Release;
		};
/* End XCBuildConfiguration section */

/* Begin XCConfigurationList section */
		CFF8027221FCBDB500C8B97F /* Build configuration list for PBXProject "ChromecastV4" */ = {
			isa = XCConfigurationList;
			buildConfigurations = (
				CFF8028721FCBDB900C8B97F /* Debug */,
				CFF8028821FCBDB900C8B97F /* Release */,
			);
			defaultConfigurationIsVisible = 0;
			defaultConfigurationName = Release;
		};
		CFF8028921FCBDB900C8B97F /* Build configuration list for PBXNativeTarget "ChromecastV4" */ = {
			isa = XCConfigurationList;
			buildConfigurations = (
				CFF8028A21FCBDB900C8B97F /* Debug */,
				CFF8028B21FCBDB900C8B97F /* Release */,
			);
			defaultConfigurationIsVisible = 0;
			defaultConfigurationName = Release;
		};
/* End XCConfigurationList section */
	};
	rootObject = CFF8026F21FCBDB500C8B97F /* Project object */;
}
